
Microsoft Visual Studio Solution File, Format Version 12.00
# Visual Studio Version 17
VisualStudioVersion = 17.13.35919.96 d17.13
MinimumVisualStudioVersion = 10.0.40219.1
Project("{FAE04EC0-301F-11D3-BF4B-00C04F79EFBC}") = "EpicEvents", "EpicEvents.csproj", "{C911065F-ACAF-4DE0-9D6B-2EE1D41B15E1}"
EndProject
Global
	GlobalSection(SolutionConfigurationPlatforms) = preSolution
		Debug|Any CPU = Debug|Any CPU
		Release|Any CPU = Release|Any CPU
	EndGlobalSection
	GlobalSection(ProjectConfigurationPlatforms) = postSolution
		{C911065F-ACAF-4DE0-9D6B-2EE1D41B15E1}.Debug|Any CPU.ActiveCfg = Debug|Any CPU
		{C911065F-ACAF-4DE0-9D6B-2EE1D41B15E1}.Debug|Any CPU.Build.0 = Debug|Any CPU
		{C911065F-ACAF-4DE0-9D6B-2EE1D41B15E1}.Release|Any CPU.ActiveCfg = Release|Any CPU
		{C911065F-ACAF-4DE0-9D6B-2EE1D41B15E1}.Release|Any CPU.Build.0 = Release|Any CPU
	EndGlobalSection
	GlobalSection(SolutionProperties) = preSolution
		HideSolutionNode = FALSE
	EndGlobalSection
	GlobalSection(ExtensibilityGlobals) = postSolution
		SolutionGuid = {3ED49D3D-9B5F-4427-AF6E-B0DC1544F17D}
	EndGlobalSection
EndGlobal
